Microsoft Visual Studio Solution File, Format Version 12.00
# Visual Studio Version 17
VisualStudioVersion = 17.0.31903.59
MinimumVisualStudioVersion = 10.0.40219.1
Project("{9A19103F-16F7-4668-BE54-9A1E7A4F7556}") = "QaAgent.Core", "src\QaAgent.Core\QaAgent.Core.csproj", "{0F27D031-92CC-4D53-B8DD-514FB4A28B4B}"
EndProject
Project("{9A19103F-16F7-4668-BE54-9A1E7A4F7556}") = "QaAgent.AutoCAD", "src\QaAgent.AutoCAD\QaAgent.AutoCAD.csproj", "{FD4E6EAA-8208-4C72-9F29-B05349A59044}"
EndProject
Project("{9A19103F-16F7-4668-BE54-9A1E7A4F7556}") = "QaAgent.MicroStation", "src\QaAgent.MicroStation\QaAgent.MicroStation.csproj", "{66AFD7F2-33C3-46D9-B1FA-6845B8A6D20E}"
EndProject
Global
	GlobalSection(SolutionConfigurationPlatforms) = preSolution
		Debug|Any CPU = Debug|Any CPU
		Release|Any CPU = Release|Any CPU
	EndGlobalSection
	GlobalSection(ProjectConfigurationPlatforms) = postSolution
		{0F27D031-92CC-4D53-B8DD-514FB4A28B4B}.Debug|Any CPU.ActiveCfg = Debug|Any CPU
		{0F27D031-92CC-4D53-B8DD-514FB4A28B4B}.Debug|Any CPU.Build.0 = Debug|Any CPU
		{0F27D031-92CC-4D53-B8DD-514FB4A28B4B}.Release|Any CPU.ActiveCfg = Release|Any CPU
		{0F27D031-92CC-4D53-B8DD-514FB4A28B4B}.Release|Any CPU.Build.0 = Release|Any CPU
		{FD4E6EAA-8208-4C72-9F29-B05349A59044}.Debug|Any CPU.ActiveCfg = Debug|Any CPU
		{FD4E6EAA-8208-4C72-9F29-B05349A59044}.Debug|Any CPU.Build.0 = Debug|Any CPU
		{FD4E6EAA-8208-4C72-9F29-B05349A59044}.Release|Any CPU.ActiveCfg = Release|Any CPU
		{FD4E6EAA-8208-4C72-9F29-B05349A59044}.Release|Any CPU.Build.0 = Release|Any CPU
		{66AFD7F2-33C3-46D9-B1FA-6845B8A6D20E}.Debug|Any CPU.ActiveCfg = Debug|Any CPU
		{66AFD7F2-33C3-46D9-B1FA-6845B8A6D20E}.Debug|Any CPU.Build.0 = Debug|Any CPU
		{66AFD7F2-33C3-46D9-B1FA-6845B8A6D20E}.Release|Any CPU.ActiveCfg = Release|Any CPU
		{66AFD7F2-33C3-46D9-B1FA-6845B8A6D20E}.Release|Any CPU.Build.0 = Release|Any CPU
	EndGlobalSection
EndGlobal
